// !$*UTF8*$!
{
	archiveVersion = 1;
	classes = {
	};
	objectVersion = 46;
	objects = {

/* Begin PBXBuildFile section */
		439D4D280C7A26908EF2109D /* Pods_HeadlinesToday.framework in Frameworks */ = {isa = PBXBuildFile; fileRef = FD380C0967FD849559A0CCF0 /* Pods_HeadlinesToday.framework */; };
		B8551C8B1DB75E4900C2D72E /* TTTabControlView.m in Sources */ = {isa = PBXBuildFile; fileRef = B8551C8A1DB75E4900C2D72E /* TTTabControlView.m */; };
		B8E8E1BB1DAF2B6500A2C6BF /* Assets.xcassets in Resources */ = {isa = PBXBuildFile; fileRef = B8E8E1BA1DAF2B6500A2C6BF /* Assets.xcassets */; };
		B8E8E1C91DAF2B6500A2C6BF /* HeadlinesTodayTests.m in Sources */ = {isa = PBXBuildFile; fileRef = B8E8E1C81DAF2B6500A2C6BF /* HeadlinesTodayTests.m */; };
		B8E8E1D41DAF2B6500A2C6BF /* HeadlinesTodayUITests.m in Sources */ = {isa = PBXBuildFile; fileRef = B8E8E1D31DAF2B6500A2C6BF /* HeadlinesTodayUITests.m */; };
		B8E8E1F61DAF700D00A2C6BF /* main.m in Sources */ = {isa = PBXBuildFile; fileRef = B8E8E1EE1DAF700D00A2C6BF /* main.m */; };
		B8E8E1F71DAF700D00A2C6BF /* TTAppDelegate.m in Sources */ = {isa = PBXBuildFile; fileRef = B8E8E1F01DAF700D00A2C6BF /* TTAppDelegate.m */; };
		B8E8E1FC1DAF724A00A2C6BF /* TTBaseViewController.m in Sources */ = {isa = PBXBuildFile; fileRef = B8E8E1FB1DAF724A00A2C6BF /* TTBaseViewController.m */; };
/* End PBXBuildFile section */

/* Begin PBXContainerItemProxy section */
		B8E8E1C51DAF2B6500A2C6BF /* PBXContainerItemProxy */ = {
			isa = PBXContainerItemProxy;
			containerPortal = B8E8E1A31DAF2B6500A2C6BF /* Project object */;
			proxyType = 1;
			remoteGlobalIDString = B8E8E1AA1DAF2B6500A2C6BF;
			remoteInfo = HeadlinesToday;
		};
		B8E8E1D01DAF2B6500A2C6BF /* PBXContainerItemProxy */ = {
			isa = PBXContainerItemProxy;
			containerPortal = B8E8E1A31DAF2B6500A2C6BF /* Project object */;
			proxyType = 1;
			remoteGlobalIDString = B8E8E1AA1DAF2B6500A2C6BF;
			remoteInfo = HeadlinesToday;
		};
/* End PBXContainerItemProxy section */

/* Begin PBXFileReference section */
		51EDCC739FDE64FCF2205336 /* Pods-HeadlinesToday.debug.xcconfig */ = {isa = PBXFileReference; includeInIndex = 1; lastKnownFileType = text.xcconfig; name = "Pods-HeadlinesToday.debug.xcconfig"; path = "Pods/Target Support Files/Pods-HeadlinesToday/Pods-HeadlinesToday.debug.xcconfig"; sourceTree = "<group>"; };
		B8551C891DB75E4900C2D72E /* TTTabControlView.h */ = {isa = PBXFileReference; fileEncoding = 4; lastKnownFileType = sourcecode.c.h; path = TTTabControlView.h; sourceTree = "<group>"; };
		B8551C8A1DB75E4900C2D72E /* TTTabControlView.m */ = {isa = PBXFileReference; fileEncoding = 4; lastKnownFileType = sourcecode.c.objc; path = TTTabControlView.m; sourceTree = "<group>"; };
		B8551C8C1DB76D0B00C2D72E /* TTHeader.pch */ = {isa = PBXFileReference; lastKnownFileType = sourcecode.c.h; path = TTHeader.pch; sourceTree = "<group>"; };
		B8E8E1AB1DAF2B6500A2C6BF /* HeadlinesToday.app */ = {isa = PBXFileReference; explicitFileType = wrapper.application; includeInIndex = 0; path = HeadlinesToday.app; sourceTree = BUILT_PRODUCTS_DIR; };
		B8E8E1BA1DAF2B6500A2C6BF /* Assets.xcassets */ = {isa = PBXFileReference; lastKnownFileType = folder.assetcatalog; path = Assets.xcassets; sourceTree = "<group>"; };
		B8E8E1C41DAF2B6500A2C6BF /* HeadlinesTodayTests.xctest */ = {isa = PBXFileReference; explicitFileType = wrapper.cfbundle; includeInIndex = 0; path = HeadlinesTodayTests.xctest; sourceTree = BUILT_PRODUCTS_DIR; };
		B8E8E1C81DAF2B6500A2C6BF /* HeadlinesTodayTests.m */ = {isa = PBXFileReference; lastKnownFileType = sourcecode.c.objc; path = HeadlinesTodayTests.m; sourceTree = "<group>"; };
		B8E8E1CA1DAF2B6500A2C6BF /* Info.plist */ = {isa = PBXFileReference; lastKnownFileType = text.plist.xml; path = Info.plist; sourceTree = "<group>"; };
		B8E8E1CF1DAF2B6500A2C6BF /* HeadlinesTodayUITests.xctest */ = {isa = PBXFileReference; explicitFileType = wrapper.cfbundle; includeInIndex = 0; path = HeadlinesTodayUITests.xctest; sourceTree = BUILT_PRODUCTS_DIR; };
		B8E8E1D31DAF2B6500A2C6BF /* HeadlinesTodayUITests.m */ = {isa = PBXFileReference; lastKnownFileType = sourcecode.c.objc; path = HeadlinesTodayUITests.m; sourceTree = "<group>"; };
		B8E8E1D51DAF2B6500A2C6BF /* Info.plist */ = {isa = PBXFileReference; lastKnownFileType = text.plist.xml; path = Info.plist; sourceTree = "<group>"; };
		B8E8E1ED1DAF700D00A2C6BF /* Info.plist */ = {isa = PBXFileReference; fileEncoding = 4; lastKnownFileType = text.plist.xml; path = Info.plist; sourceTree = "<group>"; };
		B8E8E1EE1DAF700D00A2C6BF /* main.m */ = {isa = PBXFileReference; fileEncoding = 4; lastKnownFileType = sourcecode.c.objc; path = main.m; sourceTree = "<group>"; };
		B8E8E1EF1DAF700D00A2C6BF /* TTAppDelegate.h */ = {isa = PBXFileReference; fileEncoding = 4; lastKnownFileType = sourcecode.c.h; path = TTAppDelegate.h; sourceTree = "<group>"; };
		B8E8E1F01DAF700D00A2C6BF /* TTAppDelegate.m */ = {isa = PBXFileReference; fileEncoding = 4; lastKnownFileType = sourcecode.c.objc; path = TTAppDelegate.m; sourceTree = "<group>"; };
		B8E8E1FA1DAF724A00A2C6BF /* TTBaseViewController.h */ = {isa = PBXFileReference; fileEncoding = 4; lastKnownFileType = sourcecode.c.h; path = TTBaseViewController.h; sourceTree = "<group>"; };
		B8E8E1FB1DAF724A00A2C6BF /* TTBaseViewController.m */ = {isa = PBXFileReference; fileEncoding = 4; lastKnownFileType = sourcecode.c.objc; path = TTBaseViewController.m; sourceTree = "<group>"; };
		CB874C28B1DC37A37764FFE4 /* Pods-HeadlinesToday.release.xcconfig */ = {isa = PBXFileReference; includeInIndex = 1; lastKnownFileType = text.xcconfig; name = "Pods-HeadlinesToday.release.xcconfig"; path = "Pods/Target Support Files/Pods-HeadlinesToday/Pods-HeadlinesToday.release.xcconfig"; sourceTree = "<group>"; };
		FD380C0967FD849559A0CCF0 /* Pods_HeadlinesToday.framework */ = {isa = PBXFileReference; explicitFileType = wrapper.framework; includeInIndex = 0; path = Pods_HeadlinesToday.framework; sourceTree = BUILT_PRODUCTS_DIR; };
/* End PBXFileReference section */

/* Begin PBXFrameworksBuildPhase section */
		B8E8E1A81DAF2B6500A2C6BF /* Frameworks */ = {
			isa = PBXFrameworksBuildPhase;
			buildActionMask = 2147483647;
			files = (
				439D4D280C7A26908EF2109D /* Pods_HeadlinesToday.framework in Frameworks */,
			);
			runOnlyForDeploymentPostprocessing = 0;
		};
		B8E8E1C11DAF2B6500A2C6BF /* Frameworks */ = {
			isa = PBXFrameworksBuildPhase;
			buildActionMask = 2147483647;
			files = (
			);
			runOnlyForDeploymentPostprocessing = 0;
		};
		B8E8E1CC1DAF2B6500A2C6BF /* Frameworks */ = {
			isa = PBXFrameworksBuildPhase;
			buildActionMask = 2147483647;
			files = (
			);
			runOnlyForDeploymentPostprocessing = 0;
		};
/* End PBXFrameworksBuildPhase section */

/* Begin PBXGroup section */
		3F5AC5BF8EB721B337CF6761 /* Frameworks */ = {
			isa = PBXGroup;
			children = (
				FD380C0967FD849559A0CCF0 /* Pods_HeadlinesToday.framework */,
			);
			name = Frameworks;
			sourceTree = "<group>";
		};
		943EEA812A61649D07B6E111 /* Pods */ = {
			isa = PBXGroup;
			children = (
				51EDCC739FDE64FCF2205336 /* Pods-HeadlinesToday.debug.xcconfig */,
				CB874C28B1DC37A37764FFE4 /* Pods-HeadlinesToday.release.xcconfig */,
			);
			name = Pods;
			sourceTree = "<group>";
		};
		B8E8E1A21DAF2B6500A2C6BF = {
			isa = PBXGroup;
			children = (
				B8E8E1AD1DAF2B6500A2C6BF /* HeadlinesToday */,
				B8E8E1C71DAF2B6500A2C6BF /* HeadlinesTodayTests */,
				B8E8E1D21DAF2B6500A2C6BF /* HeadlinesTodayUITests */,
				B8E8E1AC1DAF2B6500A2C6BF /* Products */,
				943EEA812A61649D07B6E111 /* Pods */,
				3F5AC5BF8EB721B337CF6761 /* Frameworks */,
			);
			sourceTree = "<group>";
		};
		B8E8E1AC1DAF2B6500A2C6BF /* Products */ = {
			isa = PBXGroup;
			children = (
				B8E8E1AB1DAF2B6500A2C6BF /* HeadlinesToday.app */,
				B8E8E1C41DAF2B6500A2C6BF /* HeadlinesTodayTests.xctest */,
				B8E8E1CF1DAF2B6500A2C6BF /* HeadlinesTodayUITests.xctest */,
			);
			name = Products;
			sourceTree = "<group>";
		};
		B8E8E1AD1DAF2B6500A2C6BF /* HeadlinesToday */ = {
			isa = PBXGroup;
			children = (
				B8E8E1EB1DAF700D00A2C6BF /* Main */,
				B8E8E1F41DAF700D00A2C6BF /* Videos */,
				B8E8E1EA1DAF700D00A2C6BF /* Concern */,
				B8E8E1E81DAF700D00A2C6BF /* AboutMe */,
				B8E8E1F91DAF724A00A2C6BF /* BaseClasses */,
				B8E8E1E91DAF700D00A2C6BF /* Categories */,
				B8E8E1EC1DAF700D00A2C6BF /* Others */,
				B8E8E1F31DAF700D00A2C6BF /* Tools */,
				B8E8E1AE1DAF2B6500A2C6BF /* Supporting Files */,
			);
			path = HeadlinesToday;
			sourceTree = "<group>";
		};
		B8E8E1AE1DAF2B6500A2C6BF /* Supporting Files */ = {
			isa = PBXGroup;
			children = (
				B8E8E1BA1DAF2B6500A2C6BF /* Assets.xcassets */,
			);
			name = "Supporting Files";
			sourceTree = "<group>";
		};
		B8E8E1C71DAF2B6500A2C6BF /* HeadlinesTodayTests */ = {
			isa = PBXGroup;
			children = (
				B8E8E1C81DAF2B6500A2C6BF /* HeadlinesTodayTests.m */,
				B8E8E1CA1DAF2B6500A2C6BF /* Info.plist */,
			);
			path = HeadlinesTodayTests;
			sourceTree = "<group>";
		};
		B8E8E1D21DAF2B6500A2C6BF /* HeadlinesTodayUITests */ = {
			isa = PBXGroup;
			children = (
				B8E8E1D31DAF2B6500A2C6BF /* HeadlinesTodayUITests.m */,
				B8E8E1D51DAF2B6500A2C6BF /* Info.plist */,
			);
			path = HeadlinesTodayUITests;
			sourceTree = "<group>";
		};
		B8E8E1E81DAF700D00A2C6BF /* AboutMe */ = {
			isa = PBXGroup;
			children = (
			);
			path = AboutMe;
			sourceTree = "<group>";
		};
		B8E8E1E91DAF700D00A2C6BF /* Categories */ = {
			isa = PBXGroup;
			children = (
			);
			path = Categories;
			sourceTree = "<group>";
		};
		B8E8E1EA1DAF700D00A2C6BF /* Concern */ = {
			isa = PBXGroup;
			children = (
			);
			path = Concern;
			sourceTree = "<group>";
		};
		B8E8E1EB1DAF700D00A2C6BF /* Main */ = {
			isa = PBXGroup;
			children = (
				B8E8E1FE1DAF734F00A2C6BF /* Models */,
				B8E8E1FF1DAF734F00A2C6BF /* Views */,
				B8E8E1FD1DAF734F00A2C6BF /* Controllers */,
			);
			path = Main;
			sourceTree = "<group>";
		};
		B8E8E1EC1DAF700D00A2C6BF /* Others */ = {
			isa = PBXGroup;
			children = (
				B8E8E1EF1DAF700D00A2C6BF /* TTAppDelegate.h */,
				B8E8E1F01DAF700D00A2C6BF /* TTAppDelegate.m */,
				B8E8E1ED1DAF700D00A2C6BF /* Info.plist */,
				B8E8E1EE1DAF700D00A2C6BF /* main.m */,
				B8551C8C1DB76D0B00C2D72E /* TTHeader.pch */,
			);
			path = Others;
			sourceTree = "<group>";
		};
		B8E8E1F31DAF700D00A2C6BF /* Tools */ = {
			isa = PBXGroup;
			children = (
			);
			path = Tools;
			sourceTree = "<group>";
		};
		B8E8E1F41DAF700D00A2C6BF /* Videos */ = {
			isa = PBXGroup;
			children = (
			);
			path = Videos;
			sourceTree = "<group>";
		};
		B8E8E1F91DAF724A00A2C6BF /* BaseClasses */ = {
			isa = PBXGroup;
			children = (
				B8E8E1FA1DAF724A00A2C6BF /* TTBaseViewController.h */,
				B8E8E1FB1DAF724A00A2C6BF /* TTBaseViewController.m */,
			);
			path = BaseClasses;
			sourceTree = "<group>";
		};
		B8E8E1FD1DAF734F00A2C6BF /* Controllers */ = {
			isa = PBXGroup;
			children = (
			);
			path = Controllers;
			sourceTree = "<group>";
		};
		B8E8E1FE1DAF734F00A2C6BF /* Models */ = {
			isa = PBXGroup;
			children = (
			);
			path = Models;
			sourceTree = "<group>";
		};
		B8E8E1FF1DAF734F00A2C6BF /* Views */ = {
			isa = PBXGroup;
			children = (
				B8551C891DB75E4900C2D72E /* TTTabControlView.h */,
				B8551C8A1DB75E4900C2D72E /* TTTabControlView.m */,
			);
			path = Views;
			sourceTree = "<group>";
		};
/* End PBXGroup section */

/* Begin PBXNativeTarget section */
		B8E8E1AA1DAF2B6500A2C6BF /* HeadlinesToday */ = {
			isa = PBXNativeTarget;
			buildConfigurationList = B8E8E1D81DAF2B6500A2C6BF /* Build configuration list for PBXNativeTarget "HeadlinesToday" */;
			buildPhases = (
				47C06EB252EC5DAC354936D2 /* 📦 Check Pods Manifest.lock */,
				B8E8E1A71DAF2B6500A2C6BF /* Sources */,
				B8E8E1A81DAF2B6500A2C6BF /* Frameworks */,
				B8E8E1A91DAF2B6500A2C6BF /* Resources */,
				E7B1FA76943C33D5F9EAB7BA /* 📦 Embed Pods Frameworks */,
				462983877EB5E16854B44027 /* 📦 Copy Pods Resources */,
			);
			buildRules = (
			);
			dependencies = (
			);
			name = HeadlinesToday;
			productName = HeadlinesToday;
			productReference = B8E8E1AB1DAF2B6500A2C6BF /* HeadlinesToday.app */;
			productType = "com.apple.product-type.application";
		};
		B8E8E1C31DAF2B6500A2C6BF /* HeadlinesTodayTests */ = {
			isa = PBXNativeTarget;
			buildConfigurationList = B8E8E1DB1DAF2B6500A2C6BF /* Build configuration list for PBXNativeTarget "HeadlinesTodayTests" */;
			buildPhases = (
				B8E8E1C01DAF2B6500A2C6BF /* Sources */,
				B8E8E1C11DAF2B6500A2C6BF /* Frameworks */,
				B8E8E1C21DAF2B6500A2C6BF /* Resources */,
			);
			buildRules = (
			);
			dependencies = (
				B8E8E1C61DAF2B6500A2C6BF /* PBXTargetDependency */,
			);
			name = HeadlinesTodayTests;
			productName = HeadlinesTodayTests;
			productReference = B8E8E1C41DAF2B6500A2C6BF /* HeadlinesTodayTests.xctest */;
			productType = "com.apple.product-type.bundle.unit-test";
		};
		B8E8E1CE1DAF2B6500A2C6BF /* HeadlinesTodayUITests */ = {
			isa = PBXNativeTarget;
			buildConfigurationList = B8E8E1DE1DAF2B6500A2C6BF /* Build configuration list for PBXNativeTarget "HeadlinesTodayUITests" */;
			buildPhases = (
				B8E8E1CB1DAF2B6500A2C6BF /* Sources */,
				B8E8E1CC1DAF2B6500A2C6BF /* Frameworks */,
				B8E8E1CD1DAF2B6500A2C6BF /* Resources */,
			);
			buildRules = (
			);
			dependencies = (
				B8E8E1D11DAF2B6500A2C6BF /* PBXTargetDependency */,
			);
			name = HeadlinesTodayUITests;
			productName = HeadlinesTodayUITests;
			productReference = B8E8E1CF1DAF2B6500A2C6BF /* HeadlinesTodayUITests.xctest */;
			productType = "com.apple.product-type.bundle.ui-testing";
		};
/* End PBXNativeTarget section */

/* Begin PBXProject section */
		B8E8E1A31DAF2B6500A2C6BF /* Project object */ = {
			isa = PBXProject;
			attributes = {
				LastUpgradeCheck = 0800;
				ORGANIZATIONNAME = dengbowc;
				TargetAttributes = {
					B8E8E1AA1DAF2B6500A2C6BF = {
						CreatedOnToolsVersion = 8.0;
						ProvisioningStyle = Automatic;
					};
					B8E8E1C31DAF2B6500A2C6BF = {
						CreatedOnToolsVersion = 8.0;
						ProvisioningStyle = Automatic;
						TestTargetID = B8E8E1AA1DAF2B6500A2C6BF;
					};
					B8E8E1CE1DAF2B6500A2C6BF = {
						CreatedOnToolsVersion = 8.0;
						ProvisioningStyle = Automatic;
						TestTargetID = B8E8E1AA1DAF2B6500A2C6BF;
					};
				};
			};
			buildConfigurationList = B8E8E1A61DAF2B6500A2C6BF /* Build configuration list for PBXProject "HeadlinesToday" */;
			compatibilityVersion = "Xcode 3.2";
			developmentRegion = English;
			hasScannedForEncodings = 0;
			knownRegions = (
				en,
				Base,
			);
			mainGroup = B8E8E1A21DAF2B6500A2C6BF;
			productRefGroup = B8E8E1AC1DAF2B6500A2C6BF /* Products */;
			projectDirPath = "";
			projectRoot = "";
			targets = (
				B8E8E1AA1DAF2B6500A2C6BF /* HeadlinesToday */,
				B8E8E1C31DAF2B6500A2C6BF /* HeadlinesTodayTests */,
				B8E8E1CE1DAF2B6500A2C6BF /* HeadlinesTodayUITests */,
			);
		};
/* End PBXProject section */

/* Begin PBXResourcesBuildPhase section */
		B8E8E1A91DAF2B6500A2C6BF /* Resources */ = {
			isa = PBXResourcesBuildPhase;
			buildActionMask = 2147483647;
			files = (
				B8E8E1BB1DAF2B6500A2C6BF /* Assets.xcassets in Resources */,
			);
			runOnlyForDeploymentPostprocessing = 0;
		};
		B8E8E1C21DAF2B6500A2C6BF /* Resources */ = {
			isa = PBXResourcesBuildPhase;
			buildActionMask = 2147483647;
			files = (
			);
			runOnlyForDeploymentPostprocessing = 0;
		};
		B8E8E1CD1DAF2B6500A2C6BF /* Resources */ = {
			isa = PBXResourcesBuildPhase;
			buildActionMask = 2147483647;
			files = (
			);
			runOnlyForDeploymentPostprocessing = 0;
		};
/* End PBXResourcesBuildPhase section */

/* Begin PBXShellScriptBuildPhase section */
		462983877EB5E16854B44027 /* 📦 Copy Pods Resources */ = {
			isa = PBXShellScriptBuildPhase;
			buildActionMask = 2147483647;
			files = (
			);
			inputPaths = (
			);
			name = "📦 Copy Pods Resources";
			outputPaths = (
			);
			runOnlyForDeploymentPostprocessing = 0;
			shellPath = /bin/sh;
			shellScript = "\"${SRCROOT}/Pods/Target Support Files/Pods-HeadlinesToday/Pods-HeadlinesToday-resources.sh\"\n";
			showEnvVarsInLog = 0;
		};
		47C06EB252EC5DAC354936D2 /* 📦 Check Pods Manifest.lock */ = {
			isa = PBXShellScriptBuildPhase;
			buildActionMask = 2147483647;
			files = (
			);
			inputPaths = (
			);
			name = "📦 Check Pods Manifest.lock";
			outputPaths = (
			);
			runOnlyForDeploymentPostprocessing = 0;
			shellPath = /bin/sh;
			shellScript = "diff \"${PODS_ROOT}/../Podfile.lock\" \"${PODS_ROOT}/Manifest.lock\" > /dev/null\nif [[ $? != 0 ]] ; then\n    cat << EOM\nerror: The sandbox is not in sync with the Podfile.lock. Run 'pod install' or update your CocoaPods installation.\nEOM\n    exit 1\nfi\n";
			showEnvVarsInLog = 0;
		};
		E7B1FA76943C33D5F9EAB7BA /* 📦 Embed Pods Frameworks */ = {
			isa = PBXShellScriptBuildPhase;
			buildActionMask = 2147483647;
			files = (
			);
			inputPaths = (
			);
			name = "📦 Embed Pods Frameworks";
			outputPaths = (
			);
			runOnlyForDeploymentPostprocessing = 0;
			shellPath = /bin/sh;
			shellScript = "\"${SRCROOT}/Pods/Target Support Files/Pods-HeadlinesToday/Pods-HeadlinesToday-frameworks.sh\"\n";
			showEnvVarsInLog = 0;
		};
/* End PBXShellScriptBuildPhase section */

/* Begin PBXSourcesBuildPhase section */
		B8E8E1A71DAF2B6500A2C6BF /* Sources */ = {
			isa = PBXSourcesBuildPhase;
			buildActionMask = 2147483647;
			files = (
				B8551C8B1DB75E4900C2D72E /* TTTabControlView.m in Sources */,
				B8E8E1FC1DAF724A00A2C6BF /* TTBaseViewController.m in Sources */,
				B8E8E1F71DAF700D00A2C6BF /* TTAppDelegate.m in Sources */,
				B8E8E1F61DAF700D00A2C6BF /* main.m in Sources */,
			);
			runOnlyForDeploymentPostprocessing = 0;
		};
		B8E8E1C01DAF2B6500A2C6BF /* Sources */ = {
			isa = PBXSourcesBuildPhase;
			buildActionMask = 2147483647;
			files = (
				B8E8E1C91DAF2B6500A2C6BF /* HeadlinesTodayTests.m in Sources */,
			);
			runOnlyForDeploymentPostprocessing = 0;
		};
		B8E8E1CB1DAF2B6500A2C6BF /* Sources */ = {
			isa = PBXSourcesBuildPhase;
			buildActionMask = 2147483647;
			files = (
				B8E8E1D41DAF2B6500A2C6BF /* HeadlinesTodayUITests.m in Sources */,
			);
			runOnlyForDeploymentPostprocessing = 0;
		};
/* End PBXSourcesBuildPhase section */

/* Begin PBXTargetDependency section */
		B8E8E1C61DAF2B6500A2C6BF /* PBXTargetDependency */ = {
			isa = PBXTargetDependency;
			target = B8E8E1AA1DAF2B6500A2C6BF /* HeadlinesToday */;
			targetProxy = B8E8E1C51DAF2B6500A2C6BF /* PBXContainerItemProxy */;
		};
		B8E8E1D11DAF2B6500A2C6BF /* PBXTargetDependency */ = {
			isa = PBXTargetDependency;
			target = B8E8E1AA1DAF2B6500A2C6BF /* HeadlinesToday */;
			targetProxy = B8E8E1D01DAF2B6500A2C6BF /* PBXContainerItemProxy */;
		};
/* End PBXTargetDependency section */

/* Begin XCBuildConfiguration section */
		B8E8E1D61DAF2B6500A2C6BF /* Debug */ = {
			isa = XCBuildConfiguration;
			buildSettings = {
				ALWAYS_SEARCH_USER_PATHS = NO;
				CLANG_ANALYZER_NONNULL = YES;
				CLANG_CXX_LANGUAGE_STANDARD = "gnu++0x";
				CLANG_CXX_LIBRARY = "libc++";
				CLANG_ENABLE_MODULES = YES;
				CLANG_ENABLE_OBJC_ARC = YES;
				CLANG_WARN_BOOL_CONVERSION = YES;
				CLANG_WARN_CONSTANT_CONVERSION = YES;
				CLANG_WARN_DIRECT_OBJC_ISA_USAGE = YES_ERROR;
				CLANG_WARN_DOCUMENTATION_COMMENTS = YES;
				CLANG_WARN_EMPTY_BODY = YES;
				CLANG_WARN_ENUM_CONVERSION = YES;
				CLANG_WARN_INFINITE_RECURSION = YES;
				CLANG_WARN_INT_CONVERSION = YES;
				CLANG_WARN_OBJC_ROOT_CLASS = YES_ERROR;
				CLANG_WARN_SUSPICIOUS_MOVES = YES;
				CLANG_WARN_UNREACHABLE_CODE = YES;
				CLANG_WARN__DUPLICATE_METHOD_MATCH = YES;
				"CODE_SIGN_IDENTITY[sdk=iphoneos*]" = "iPhone Developer";
				COPY_PHASE_STRIP = NO;
				DEBUG_INFORMATION_FORMAT = dwarf;
				ENABLE_STRICT_OBJC_MSGSEND = YES;
				ENABLE_TESTABILITY = YES;
				GCC_C_LANGUAGE_STANDARD = gnu99;
				GCC_DYNAMIC_NO_PIC = NO;
				GCC_NO_COMMON_BLOCKS = YES;
				GCC_OPTIMIZATION_LEVEL = 0;
				GCC_PREPROCESSOR_DEFINITIONS = (
					"DEBUG=1",
					"$(inherited)",
				);
				GCC_WARN_64_TO_32_BIT_CONVERSION = YES;
				GCC_WARN_ABOUT_RETURN_TYPE = YES_ERROR;
				GCC_WARN_UNDECLARED_SELECTOR = YES;
				GCC_WARN_UNINITIALIZED_AUTOS = YES_AGGRESSIVE;
				GCC_WARN_UNUSED_FUNCTION = YES;
				GCC_WARN_UNUSED_VARIABLE = YES;
				IPHONEOS_DEPLOYMENT_TARGET = 10.0;
				MTL_ENABLE_DEBUG_INFO = YES;
				ONLY_ACTIVE_ARCH = YES;
				SDKROOT = iphoneos;
			};
			name = Debug;
		};
		B8E8E1D71DAF2B6500A2C6BF /* Release */ = {
			isa = XCBuildConfiguration;
			buildSettings = {
				ALWAYS_SEARCH_USER_PATHS = NO;
				CLANG_ANALYZER_NONNULL = YES;
				CLANG_CXX_LANGUAGE_STANDARD = "gnu++0x";
				CLANG_CXX_LIBRARY = "libc++";
				CLANG_ENABLE_MODULES = YES;
				CLANG_ENABLE_OBJC_ARC = YES;
				CLANG_WARN_BOOL_CONVERSION = YES;
				CLANG_WARN_CONSTANT_CONVERSION = YES;
				CLANG_WARN_DIRECT_OBJC_ISA_USAGE = YES_ERROR;
				CLANG_WARN_DOCUMENTATION_COMMENTS = YES;
				CLANG_WARN_EMPTY_BODY = YES;
				CLANG_WARN_ENUM_CONVERSION = YES;
				CLANG_WARN_INFINITE_RECURSION = YES;
				CLANG_WARN_INT_CONVERSION = YES;
				CLANG_WARN_OBJC_ROOT_CLASS = YES_ERROR;
				CLANG_WARN_SUSPICIOUS_MOVES = YES;
				CLANG_WARN_UNREACHABLE_CODE = YES;
				CLANG_WARN__DUPLICATE_METHOD_MATCH = YES;
				"CODE_SIGN_IDENTITY[sdk=iphoneos*]" = "iPhone Developer";
				COPY_PHASE_STRIP = NO;
				DEBUG_INFORMATION_FORMAT = "dwarf-with-dsym";
				ENABLE_NS_ASSERTIONS = NO;
				ENABLE_STRICT_OBJC_MSGSEND = YES;
				GCC_C_LANGUAGE_STANDARD = gnu99;
				GCC_NO_COMMON_BLOCKS = YES;
				GCC_WARN_64_TO_32_BIT_CONVERSION = YES;
				GCC_WARN_ABOUT_RETURN_TYPE = YES_ERROR;
				GCC_WARN_UNDECLARED_SELECTOR = YES;
				GCC_WARN_UNINITIALIZED_AUTOS = YES_AGGRESSIVE;
				GCC_WARN_UNUSED_FUNCTION = YES;
				GCC_WARN_UNUSED_VARIABLE = YES;
				IPHONEOS_DEPLOYMENT_TARGET = 10.0;
				MTL_ENABLE_DEBUG_INFO = NO;
				SDKROOT = iphoneos;
				VALIDATE_PRODUCT = YES;
			};
			name = Release;
		};
		B8E8E1D91DAF2B6500A2C6BF /* Debug */ = {
			isa = XCBuildConfiguration;
			baseConfigurationReference = 51EDCC739FDE64FCF2205336 /* Pods-HeadlinesToday.debug.xcconfig */;
			buildSettings = {
				ASSETCATALOG_COMPILER_APPICON_NAME = AppIcon;
				ASSETCATALOG_COMPILER_LAUNCHIMAGE_NAME = LaunchImage;
				GCC_PRECOMPILE_PREFIX_HEADER = YES;
				GCC_PREFIX_HEADER = "$(SRCROOT)/HeadlinesToday/Others/TTHeader.pch";
				INFOPLIST_FILE = HeadlinesToday/Others/Info.plist;
				IPHONEOS_DEPLOYMENT_TARGET = 8.0;
				LD_RUNPATH_SEARCH_PATHS = "$(inherited) @executable_path/Frameworks";
				PRODUCT_BUNDLE_IDENTIFIER = com.faker.toutiao;
				PRODUCT_NAME = "$(TARGET_NAME)";
			};
			name = Debug;
		};
		B8E8E1DA1DAF2B6500A2C6BF /* Release */ = {
			isa = XCBuildConfiguration;
			baseConfigurationReference = CB874C28B1DC37A37764FFE4 /* Pods-HeadlinesToday.release.xcconfig */;
			buildSettings = {
				ASSETCATALOG_COMPILER_APPICON_NAME = AppIcon;
				ASSETCATALOG_COMPILER_LAUNCHIMAGE_NAME = LaunchImage;
				GCC_PRECOMPILE_PREFIX_HEADER = YES;
				GCC_PREFIX_HEADER = "$(SRCROOT)/HeadlinesToday/Others/TTHeader.pch";
				INFOPLIST_FILE = HeadlinesToday/Others/Info.plist;
				IPHONEOS_DEPLOYMENT_TARGET = 8.0;
				LD_RUNPATH_SEARCH_PATHS = "$(inherited) @executable_path/Frameworks";
				PRODUCT_BUNDLE_IDENTIFIER = com.faker.toutiao;
				PRODUCT_NAME = "$(TARGET_NAME)";
			};
			name = Release;
		};
		B8E8E1DC1DAF2B6500A2C6BF /* Debug */ = {
			isa = XCBuildConfiguration;
			buildSettings = {
				BUNDLE_LOADER = "$(TEST_HOST)";
				INFOPLIST_FILE = HeadlinesTodayTests/Info.plist;
				LD_RUNPATH_SEARCH_PATHS = "$(inherited) @executable_path/Frameworks @loader_path/Frameworks";
				PRODUCT_BUNDLE_IDENTIFIER = com.faker.toutiao.HeadlinesTodayTests;
				PRODUCT_NAME = "$(TARGET_NAME)";
				TEST_HOST = "$(BUILT_PRODUCTS_DIR)/HeadlinesToday.app/HeadlinesToday";
			};
			name = Debug;
		};
		B8E8E1DD1DAF2B6500A2C6BF /* Release */ = {
			isa = XCBuildConfiguration;
			buildSettings = {
				BUNDLE_LOADER = "$(TEST_HOST)";
				INFOPLIST_FILE = HeadlinesTodayTests/Info.plist;
				LD_RUNPATH_SEARCH_PATHS = "$(inherited) @executable_path/Frameworks @loader_path/Frameworks";
				PRODUCT_BUNDLE_IDENTIFIER = com.faker.toutiao.HeadlinesTodayTests;
				PRODUCT_NAME = "$(TARGET_NAME)";
				TEST_HOST = "$(BUILT_PRODUCTS_DIR)/HeadlinesToday.app/HeadlinesToday";
			};
			name = Release;
		};
		B8E8E1DF1DAF2B6500A2C6BF /* Debug */ = {
			isa = XCBuildConfiguration;
			buildSettings = {
				INFOPLIST_FILE = HeadlinesTodayUITests/Info.plist;
				LD_RUNPATH_SEARCH_PATHS = "$(inherited) @executable_path/Frameworks @loader_path/Frameworks";
				PRODUCT_BUNDLE_IDENTIFIER = com.faker.toutiao.HeadlinesTodayUITests;
				PRODUCT_NAME = "$(TARGET_NAME)";
				TEST_TARGET_NAME = HeadlinesToday;
			};
			name = Debug;
		};
		B8E8E1E01DAF2B6500A2C6BF /* Release */ = {
			isa = XCBuildConfiguration;
			buildSettings = {
				INFOPLIST_FILE = HeadlinesTodayUITests/Info.plist;
				LD_RUNPATH_SEARCH_PATHS = "$(inherited) @executable_path/Frameworks @loader_path/Frameworks";
				PRODUCT_BUNDLE_IDENTIFIER = com.faker.toutiao.HeadlinesTodayUITests;
				PRODUCT_NAME = "$(TARGET_NAME)";
				TEST_TARGET_NAME = HeadlinesToday;
			};
			name = Release;
		};
/* End XCBuildConfiguration section */

/* Begin XCConfigurationList section */
		B8E8E1A61DAF2B6500A2C6BF /* Build configuration list for PBXProject "HeadlinesToday" */ = {
			isa = XCConfigurationList;
			buildConfigurations = (
				B8E8E1D61DAF2B6500A2C6BF /* Debug */,
				B8E8E1D71DAF2B6500A2C6BF /* Release */,
			);
			defaultConfigurationIsVisible = 0;
			defaultConfigurationName = Release;
		};
		B8E8E1D81DAF2B6500A2C6BF /* Build configuration list for PBXNativeTarget "HeadlinesToday" */ = {
			isa = XCConfigurationList;
			buildConfigurations = (
				B8E8E1D91DAF2B6500A2C6BF /* Debug */,
				B8E8E1DA1DAF2B6500A2C6BF /* Release */,
			);
			defaultConfigurationIsVisible = 0;
			defaultConfigurationName = Release;
		};
		B8E8E1DB1DAF2B6500A2C6BF /* Build configuration list for PBXNativeTarget "HeadlinesTodayTests" */ = {
			isa = XCConfigurationList;
			buildConfigurations = (
				B8E8E1DC1DAF2B6500A2C6BF /* Debug */,
				B8E8E1DD1DAF2B6500A2C6BF /* Release */,
			);
			defaultConfigurationIsVisible = 0;
			defaultConfigurationName = Release;
		};
		B8E8E1DE1DAF2B6500A2C6BF /* Build configuration list for PBXNativeTarget "HeadlinesTodayUITests" */ = {
			isa = XCConfigurationList;
			buildConfigurations = (
				B8E8E1DF1DAF2B6500A2C6BF /* Debug */,
				B8E8E1E01DAF2B6500A2C6BF /* Release */,
			);
			defaultConfigurationIsVisible = 0;
			defaultConfigurationName = Release;
		};
/* End XCConfigurationList section */
	};
	rootObject = B8E8E1A31DAF2B6500A2C6BF /* Project object */;
}
